
Microsoft Visual Studio Solution File, Format Version 12.00
# Visual Studio Version 17
VisualStudioVersion = 17.10.35122.118
MinimumVisualStudioVersion = 10.0.40219.1
Project("{FAE04EC0-301F-11D3-BF4B-00C04F79EFBC}") = "Ayen", "Ayen\Ayen.csproj", "{951D87D4-2167-4933-9967-9631E06DDDF1}"
EndProject
Global
	GlobalSection(SolutionConfigurationPlatforms) = preSolution
		Debug|Any CPU = Debug|Any CPU
		Release|Any CPU = Release|Any CPU
	EndGlobalSection
	GlobalSection(ProjectConfigurationPlatforms) = postSolution
		{951D87D4-2167-4933-9967-9631E06DDDF1}.Debug|Any CPU.ActiveCfg = Debug|Any CPU
		{951D87D4-2167-4933-9967-9631E06DDDF1}.Debug|Any CPU.Build.0 = Debug|Any CPU
		{951D87D4-2167-4933-9967-9631E06DDDF1}.Release|Any CPU.ActiveCfg = Release|Any CPU
		{951D87D4-2167-4933-9967-9631E06DDDF1}.Release|Any CPU.Build.0 = Release|Any CPU
	EndGlobalSection
	GlobalSection(SolutionProperties) = preSolution
		HideSolutionNode = FALSE
	EndGlobalSection
	GlobalSection(ExtensibilityGlobals) = postSolution
		SolutionGuid = {F327DD4B-E262-49CB-8CB8-397FF5820EDA}
	EndGlobalSection
EndGlobal
